// !$*UTF8*$!
{
	archiveVersion = 1;
	classes = {
	};
	objectVersion = 46;
	objects = {

/* Begin PBXBuildFile section */
		D3189B9D1A609FC100E7A691 /* main.cpp in Sources */ = {isa = PBXBuildFile; fileRef = D3189B9C1A609FC100E7A691 /* main.cpp */; };
		D3189BA51A609FDC00E7A691 /* Promise.cpp in Sources */ = {isa = PBXBuildFile; fileRef = D3189BA31A609FDC00E7A691 /* Promise.cpp */; };
/* End PBXBuildFile section */

/* Begin PBXCopyFilesBuildPhase section */
		D3189B971A609FC100E7A691 /* CopyFiles */ = {
			isa = PBXCopyFilesBuildPhase;
			buildActionMask = 2147483647;
			dstPath = /usr/share/man/man1/;
			dstSubfolderSpec = 0;
			files = (
			);
			runOnlyForDeploymentPostprocessing = 1;
		};
/* End PBXCopyFilesBuildPhase section */

/* Begin PBXFileReference section */
		D3189B991A609FC100E7A691 /* promise */ = {isa = PBXFileReference; explicitFileType = "compiled.mach-o.executable"; includeInIndex = 0; path = promise; sourceTree = BUILT_PRODUCTS_DIR; };
		D3189B9C1A609FC100E7A691 /* main.cpp */ = {isa = PBXFileReference; lastKnownFileType = sourcecode.cpp.cpp; path = main.cpp; sourceTree = "<group>"; };
		D3189BA31A609FDC00E7A691 /* Promise.cpp */ = {isa = PBXFileReference; fileEncoding = 4; lastKnownFileType = sourcecode.cpp.cpp; path = Promise.cpp; sourceTree = "<group>"; };
		D3189BA41A609FDC00E7A691 /* Promise.h */ = {isa = PBXFileReference; fileEncoding = 4; lastKnownFileType = sourcecode.c.h; path = Promise.h; sourceTree = "<group>"; };
		D3189BBF1A60A19E00E7A691 /* boost */ = {isa = PBXFileReference; lastKnownFileType = folder; path = boost; sourceTree = "<group>"; };
/* End PBXFileReference section */

/* Begin PBXFrameworksBuildPhase section */
		D3189B961A609FC100E7A691 /* Frameworks */ = {
			isa = PBXFrameworksBuildPhase;
			buildActionMask = 2147483647;
			files = (
			);
			runOnlyForDeploymentPostprocessing = 0;
		};
/* End PBXFrameworksBuildPhase section */

/* Begin PBXGroup section */
		D3189B901A609FC100E7A691 = {
			isa = PBXGroup;
			children = (
				D3189B9B1A609FC100E7A691 /* promise */,
				D3189B9A1A609FC100E7A691 /* Products */,
			);
			sourceTree = "<group>";
		};
		D3189B9A1A609FC100E7A691 /* Products */ = {
			isa = PBXGroup;
			children = (
				D3189B991A609FC100E7A691 /* promise */,
			);
			name = Products;
			sourceTree = "<group>";
		};
		D3189B9B1A609FC100E7A691 /* promise */ = {
			isa = PBXGroup;
			children = (
				D3189BBF1A60A19E00E7A691 /* boost */,
				D3189B9C1A609FC100E7A691 /* main.cpp */,
				D3189BA31A609FDC00E7A691 /* Promise.cpp */,
				D3189BA41A609FDC00E7A691 /* Promise.h */,
			);
			path = promise;
			sourceTree = "<group>";
		};
/* End PBXGroup section */

/* Begin PBXNativeTarget section */
		D3189B981A609FC100E7A691 /* promise */ = {
			isa = PBXNativeTarget;
			buildConfigurationList = D3189BA01A609FC100E7A691 /* Build configuration list for PBXNativeTarget "promise" */;
			buildPhases = (
				D3189B951A609FC100E7A691 /* Sources */,
				D3189B961A609FC100E7A691 /* Frameworks */,
				D3189B971A609FC100E7A691 /* CopyFiles */,
			);
			buildRules = (
			);
			dependencies = (
			);
			name = promise;
			productName = promise;
			productReference = D3189B991A609FC100E7A691 /* promise */;
			productType = "com.apple.product-type.tool";
		};
/* End PBXNativeTarget section */

/* Begin PBXProject section */
		D3189B911A609FC100E7A691 /* Project object */ = {
			isa = PBXProject;
			attributes = {
				LastUpgradeCheck = 0610;
				ORGANIZATIONNAME = "Brian Sharon";
				TargetAttributes = {
					D3189B981A609FC100E7A691 = {
						CreatedOnToolsVersion = 6.1.1;
					};
				};
			};
			buildConfigurationList = D3189B941A609FC100E7A691 /* Build configuration list for PBXProject "promise" */;
			compatibilityVersion = "Xcode 3.2";
			developmentRegion = English;
			hasScannedForEncodings = 0;
			knownRegions = (
				en,
			);
			mainGroup = D3189B901A609FC100E7A691;
			productRefGroup = D3189B9A1A609FC100E7A691 /* Products */;
			projectDirPath = "";
			projectRoot = "";
			targets = (
				D3189B981A609FC100E7A691 /* promise */,
			);
		};
/* End PBXProject section */

/* Begin PBXSourcesBuildPhase section */
		D3189B951A609FC100E7A691 /* Sources */ = {
			isa = PBXSourcesBuildPhase;
			buildActionMask = 2147483647;
			files = (
				D3189B9D1A609FC100E7A691 /* main.cpp in Sources */,
				D3189BA51A609FDC00E7A691 /* Promise.cpp in Sources */,
			);
			runOnlyForDeploymentPostprocessing = 0;
		};
/* End PBXSourcesBuildPhase section */

/* Begin XCBuildConfiguration section */
		D3189B9E1A609FC100E7A691 /* Debug */ = {
			isa = XCBuildConfiguration;
			buildSettings = {
				ALWAYS_SEARCH_USER_PATHS = NO;
				CLANG_CXX_LANGUAGE_STANDARD = "c++0x";
				CLANG_CXX_LIBRARY = "libc++";
				CLANG_ENABLE_MODULES = YES;
				CLANG_ENABLE_OBJC_ARC = YES;
				CLANG_WARN_BOOL_CONVERSION = YES;
				CLANG_WARN_CONSTANT_CONVERSION = YES;
				CLANG_WARN_DIRECT_OBJC_ISA_USAGE = YES_ERROR;
				CLANG_WARN_EMPTY_BODY = YES;
				CLANG_WARN_ENUM_CONVERSION = YES;
				CLANG_WARN_INT_CONVERSION = YES;
				CLANG_WARN_OBJC_ROOT_CLASS = YES_ERROR;
				CLANG_WARN_UNREACHABLE_CODE = YES;
				CLANG_WARN__DUPLICATE_METHOD_MATCH = YES;
				COPY_PHASE_STRIP = NO;
				ENABLE_STRICT_OBJC_MSGSEND = YES;
				GCC_C_LANGUAGE_STANDARD = gnu99;
				GCC_DYNAMIC_NO_PIC = NO;
				GCC_OPTIMIZATION_LEVEL = 0;
				GCC_PREPROCESSOR_DEFINITIONS = (
					"DEBUG=1",
					"$(inherited)",
				);
				GCC_SYMBOLS_PRIVATE_EXTERN = NO;
				GCC_WARN_64_TO_32_BIT_CONVERSION = YES;
				GCC_WARN_ABOUT_RETURN_TYPE = YES_ERROR;
				GCC_WARN_UNDECLARED_SELECTOR = YES;
				GCC_WARN_UNINITIALIZED_AUTOS = YES_AGGRESSIVE;
				GCC_WARN_UNUSED_FUNCTION = YES;
				GCC_WARN_UNUSED_VARIABLE = YES;
				HEADER_SEARCH_PATHS = (
					"$(inherited)",
					/Applications/Xcode.app/Contents/Developer/Toolchains/XcodeDefault.xctoolchain/usr/include,
					$SRCROOT/promise,
				);
				MACOSX_DEPLOYMENT_TARGET = 10.10;
				MTL_ENABLE_DEBUG_INFO = YES;
				ONLY_ACTIVE_ARCH = YES;
				SDKROOT = macosx;
			};
			name = Debug;
		};
		D3189B9F1A609FC100E7A691 /* Release */ = {
			isa = XCBuildConfiguration;
			buildSettings = {
				ALWAYS_SEARCH_USER_PATHS = NO;
				CLANG_CXX_LANGUAGE_STANDARD = "c++0x";
				CLANG_CXX_LIBRARY = "libc++";
				CLANG_ENABLE_MODULES = YES;
				CLANG_ENABLE_OBJC_ARC = YES;
				CLANG_WARN_BOOL_CONVERSION = YES;
				CLANG_WARN_CONSTANT_CONVERSION = YES;
				CLANG_WARN_DIRECT_OBJC_ISA_USAGE = YES_ERROR;
				CLANG_WARN_EMPTY_BODY = YES;
				CLANG_WARN_ENUM_CONVERSION = YES;
				CLANG_WARN_INT_CONVERSION = YES;
				CLANG_WARN_OBJC_ROOT_CLASS = YES_ERROR;
				CLANG_WARN_UNREACHABLE_CODE = YES;
				CLANG_WARN__DUPLICATE_METHOD_MATCH = YES;
				COPY_PHASE_STRIP = YES;
				DEBUG_INFORMATION_FORMAT = "dwarf-with-dsym";
				ENABLE_NS_ASSERTIONS = NO;
				ENABLE_STRICT_OBJC_MSGSEND = YES;
				GCC_C_LANGUAGE_STANDARD = gnu99;
				GCC_WARN_64_TO_32_BIT_CONVERSION = YES;
				GCC_WARN_ABOUT_RETURN_TYPE = YES_ERROR;
				GCC_WARN_UNDECLARED_SELECTOR = YES;
				GCC_WARN_UNINITIALIZED_AUTOS = YES_AGGRESSIVE;
				GCC_WARN_UNUSED_FUNCTION = YES;
				GCC_WARN_UNUSED_VARIABLE = YES;
				HEADER_SEARCH_PATHS = (
					"$(inherited)",
					/Applications/Xcode.app/Contents/Developer/Toolchains/XcodeDefault.xctoolchain/usr/include,
					$SRCROOT/promise,
				);
				MACOSX_DEPLOYMENT_TARGET = 10.10;
				MTL_ENABLE_DEBUG_INFO = NO;
				SDKROOT = macosx;
			};
			name = Release;
		};
		D3189BA11A609FC100E7A691 /* Debug */ = {
			isa = XCBuildConfiguration;
			buildSettings = {
				PRODUCT_NAME = "$(TARGET_NAME)";
			};
			name = Debug;
		};
		D3189BA21A609FC100E7A691 /* Release */ = {
			isa = XCBuildConfiguration;
			buildSettings = {
				PRODUCT_NAME = "$(TARGET_NAME)";
			};
			name = Release;
		};
/* End XCBuildConfiguration section */

/* Begin XCConfigurationList section */
		D3189B941A609FC100E7A691 /* Build configuration list for PBXProject "promise" */ = {
			isa = XCConfigurationList;
			buildConfigurations = (
				D3189B9E1A609FC100E7A691 /* Debug */,
				D3189B9F1A609FC100E7A691 /* Release */,
			);
			defaultConfigurationIsVisible = 0;
			defaultConfigurationName = Release;
		};
		D3189BA01A609FC100E7A691 /* Build configuration list for PBXNativeTarget "promise" */ = {
			isa = XCConfigurationList;
			buildConfigurations = (
				D3189BA11A609FC100E7A691 /* Debug */,
				D3189BA21A609FC100E7A691 /* Release */,
			);
			defaultConfigurationIsVisible = 0;
			defaultConfigurationName = Release;
		};
/* End XCConfigurationList section */
	};
	rootObject = D3189B911A609FC100E7A691 /* Project object */;
}
